
Microsoft Visual Studio Solution File, Format Version 12.00
# Visual Studio Version 17
VisualStudioVersion = 17.0.31903.59
MinimumVisualStudioVersion = 10.0.40219.1
Project("{2150E333-8FDC-42A3-9474-1A3956D46DE8}") = "core", "core", "{B9D66F11-E2AB-477F-BDE1-22CBCD82F2F9}"
EndProject
Project("{9A19103F-16F7-4668-BE54-9A1E7A4F7556}") = "IAM_Domain", "core\IAM_Domain\IAM_Domain.csproj", "{0C93B91D-05E8-4A61-849E-4A9FEF140A28}"
EndProject
Project("{9A19103F-16F7-4668-BE54-9A1E7A4F7556}") = "IAM_Services", "core\IAM_Services\IAM_Services.csproj", "{3414B9CD-987E-4CBA-94AD-4C3205CC9E00}"
EndProject
Project("{2150E333-8FDC-42A3-9474-1A3956D46DE8}") = "infrastructure", "infrastructure", "{B965504F-AEC2-48D2-B7E6-65B1A370A765}"
EndProject
Project("{9A19103F-16F7-4668-BE54-9A1E7A4F7556}") = "IAM_Infrastructure", "infrastructure\IAM_Infrastructure\IAM_Infrastructure.csproj", "{ED170876-3CB4-4C3B-9B33-55EBB313CD0A}"
EndProject
Project("{9A19103F-16F7-4668-BE54-9A1E7A4F7556}") = "IAM_Persistence", "infrastructure\IAM_Persistence\IAM_Persistence.csproj", "{4C930648-4E8D-4D1C-AAF8-0FB893E64105}"
EndProject
Project("{2150E333-8FDC-42A3-9474-1A3956D46DE8}") = "presentation", "presentation", "{5DA05D7F-31EF-49B6-97DB-20E71D6B3F70}"
EndProject
Project("{9A19103F-16F7-4668-BE54-9A1E7A4F7556}") = "IAM_Api", "presentation\IAM_Api\IAM_Api.csproj", "{FB472FAE-E1BC-4C86-AC94-6A358ABC10FF}"
EndProject
Project("{2150E333-8FDC-42A3-9474-1A3956D46DE8}") = "base", "base", "{742C7C16-AFF2-4D68-ADAF-4C32C669C3EE}"
EndProject
Project("{9A19103F-16F7-4668-BE54-9A1E7A4F7556}") = "Base.Shared", "base\Base.Shared\Base.Shared.csproj", "{68FE321C-506B-4D1E-8543-8876987A369B}"
EndProject
Project("{9A19103F-16F7-4668-BE54-9A1E7A4F7556}") = "Base.Core", "base\Base.Core\Base.Core.csproj", "{7B96C0E2-2215-47BB-9106-F2453D8D31AF}"
EndProject
Project("{9A19103F-16F7-4668-BE54-9A1E7A4F7556}") = "Service.Host", "presentation\Service.Host\Service.Host.csproj", "{5D2CF740-228F-4F37-843A-95D4D4F0F1F9}"
EndProject
Global
	GlobalSection(SolutionConfigurationPlatforms) = preSolution
		Debug|Any CPU = Debug|Any CPU
		Release|Any CPU = Release|Any CPU
	EndGlobalSection
	GlobalSection(ProjectConfigurationPlatforms) = postSolution
		{0C93B91D-05E8-4A61-849E-4A9FEF140A28}.Debug|Any CPU.ActiveCfg = Debug|Any CPU
		{0C93B91D-05E8-4A61-849E-4A9FEF140A28}.Debug|Any CPU.Build.0 = Debug|Any CPU
		{0C93B91D-05E8-4A61-849E-4A9FEF140A28}.Release|Any CPU.ActiveCfg = Release|Any CPU
		{0C93B91D-05E8-4A61-849E-4A9FEF140A28}.Release|Any CPU.Build.0 = Release|Any CPU
		{3414B9CD-987E-4CBA-94AD-4C3205CC9E00}.Debug|Any CPU.ActiveCfg = Debug|Any CPU
		{3414B9CD-987E-4CBA-94AD-4C3205CC9E00}.Debug|Any CPU.Build.0 = Debug|Any CPU
		{3414B9CD-987E-4CBA-94AD-4C3205CC9E00}.Release|Any CPU.ActiveCfg = Release|Any CPU
		{3414B9CD-987E-4CBA-94AD-4C3205CC9E00}.Release|Any CPU.Build.0 = Release|Any CPU
		{ED170876-3CB4-4C3B-9B33-55EBB313CD0A}.Debug|Any CPU.ActiveCfg = Debug|Any CPU
		{ED170876-3CB4-4C3B-9B33-55EBB313CD0A}.Debug|Any CPU.Build.0 = Debug|Any CPU
		{ED170876-3CB4-4C3B-9B33-55EBB313CD0A}.Release|Any CPU.ActiveCfg = Release|Any CPU
		{ED170876-3CB4-4C3B-9B33-55EBB313CD0A}.Release|Any CPU.Build.0 = Release|Any CPU
		{4C930648-4E8D-4D1C-AAF8-0FB893E64105}.Debug|Any CPU.ActiveCfg = Debug|Any CPU
		{4C930648-4E8D-4D1C-AAF8-0FB893E64105}.Debug|Any CPU.Build.0 = Debug|Any CPU
		{4C930648-4E8D-4D1C-AAF8-0FB893E64105}.Release|Any CPU.ActiveCfg = Release|Any CPU
		{4C930648-4E8D-4D1C-AAF8-0FB893E64105}.Release|Any CPU.Build.0 = Release|Any CPU
		{FB472FAE-E1BC-4C86-AC94-6A358ABC10FF}.Debug|Any CPU.ActiveCfg = Debug|Any CPU
		{FB472FAE-E1BC-4C86-AC94-6A358ABC10FF}.Debug|Any CPU.Build.0 = Debug|Any CPU
		{FB472FAE-E1BC-4C86-AC94-6A358ABC10FF}.Release|Any CPU.ActiveCfg = Release|Any CPU
		{FB472FAE-E1BC-4C86-AC94-6A358ABC10FF}.Release|Any CPU.Build.0 = Release|Any CPU
		{68FE321C-506B-4D1E-8543-8876987A369B}.Debug|Any CPU.ActiveCfg = Debug|Any CPU
		{68FE321C-506B-4D1E-8543-8876987A369B}.Debug|Any CPU.Build.0 = Debug|Any CPU
		{68FE321C-506B-4D1E-8543-8876987A369B}.Release|Any CPU.ActiveCfg = Release|Any CPU
		{68FE321C-506B-4D1E-8543-8876987A369B}.Release|Any CPU.Build.0 = Release|Any CPU
		{7B96C0E2-2215-47BB-9106-F2453D8D31AF}.Debug|Any CPU.ActiveCfg = Debug|Any CPU
		{7B96C0E2-2215-47BB-9106-F2453D8D31AF}.Debug|Any CPU.Build.0 = Debug|Any CPU
		{7B96C0E2-2215-47BB-9106-F2453D8D31AF}.Release|Any CPU.ActiveCfg = Release|Any CPU
		{7B96C0E2-2215-47BB-9106-F2453D8D31AF}.Release|Any CPU.Build.0 = Release|Any CPU
		{5D2CF740-228F-4F37-843A-95D4D4F0F1F9}.Debug|Any CPU.ActiveCfg = Debug|Any CPU
		{5D2CF740-228F-4F37-843A-95D4D4F0F1F9}.Debug|Any CPU.Build.0 = Debug|Any CPU
		{5D2CF740-228F-4F37-843A-95D4D4F0F1F9}.Release|Any CPU.ActiveCfg = Release|Any CPU
		{5D2CF740-228F-4F37-843A-95D4D4F0F1F9}.Release|Any CPU.Build.0 = Release|Any CPU
	EndGlobalSection
	GlobalSection(SolutionProperties) = preSolution
		HideSolutionNode = FALSE
	EndGlobalSection
	GlobalSection(NestedProjects) = preSolution
		{0C93B91D-05E8-4A61-849E-4A9FEF140A28} = {B9D66F11-E2AB-477F-BDE1-22CBCD82F2F9}
		{3414B9CD-987E-4CBA-94AD-4C3205CC9E00} = {B9D66F11-E2AB-477F-BDE1-22CBCD82F2F9}
		{ED170876-3CB4-4C3B-9B33-55EBB313CD0A} = {B965504F-AEC2-48D2-B7E6-65B1A370A765}
		{4C930648-4E8D-4D1C-AAF8-0FB893E64105} = {B965504F-AEC2-48D2-B7E6-65B1A370A765}
		{FB472FAE-E1BC-4C86-AC94-6A358ABC10FF} = {5DA05D7F-31EF-49B6-97DB-20E71D6B3F70}
		{68FE321C-506B-4D1E-8543-8876987A369B} = {742C7C16-AFF2-4D68-ADAF-4C32C669C3EE}
		{7B96C0E2-2215-47BB-9106-F2453D8D31AF} = {742C7C16-AFF2-4D68-ADAF-4C32C669C3EE}
		{5D2CF740-228F-4F37-843A-95D4D4F0F1F9} = {5DA05D7F-31EF-49B6-97DB-20E71D6B3F70}
	EndGlobalSection
EndGlobal
